
Microsoft Visual Studio Solution File, Format Version 12.00
# Visual Studio 15
VisualStudioVersion = 15.0.27703.2026
MinimumVisualStudioVersion = 10.0.40219.1
Project("{151D2E53-A2C4-4D7D-83FE-D05416EBD58E}") = "AksDemoResources", "AksDemoResources\AksDemoResources.deployproj", "{A0C33858-B615-4E5B-AC11-9F1325EDF607}"
EndProject
Global
	GlobalSection(SolutionConfigurationPlatforms) = preSolution
		Debug|Any CPU = Debug|Any CPU
		Release|Any CPU = Release|Any CPU
	EndGlobalSection
	GlobalSection(ProjectConfigurationPlatforms) = postSolution
		{A0C33858-B615-4E5B-AC11-9F1325EDF607}.Debug|Any CPU.ActiveCfg = Debug|Any CPU
		{A0C33858-B615-4E5B-AC11-9F1325EDF607}.Debug|Any CPU.Build.0 = Debug|Any CPU
		{A0C33858-B615-4E5B-AC11-9F1325EDF607}.Release|Any CPU.ActiveCfg = Release|Any CPU
		{A0C33858-B615-4E5B-AC11-9F1325EDF607}.Release|Any CPU.Build.0 = Release|Any CPU
	EndGlobalSection
	GlobalSection(SolutionProperties) = preSolution
		HideSolutionNode = FALSE
	EndGlobalSection
	GlobalSection(ExtensibilityGlobals) = postSolution
		SolutionGuid = {70C32DA1-CF29-4D22-8567-1DE758DB7E3C}
	EndGlobalSection
EndGlobal
